// !$*UTF8*$!
{
	archiveVersion = 1;
	classes = {
	};
	objectVersion = 56;
	objects = {

/* Begin PBXBuildFile section */
		D01366AD293368CB0004CE50 /* DayPlanView.swift in Sources */ = {isa = PBXBuildFile; fileRef = D01366AC293368CB0004CE50 /* DayPlanView.swift */; };
		D02968D92939E1A6003C7DA1 /* ApplianceLabel.swift in Sources */ = {isa = PBXBuildFile; fileRef = D02968D82939E1A6003C7DA1 /* ApplianceLabel.swift */; };
		D02F4F7B29B4930300328639 /* AppliedAppliancesView.swift in Sources */ = {isa = PBXBuildFile; fileRef = D02F4F7A29B4930300328639 /* AppliedAppliancesView.swift */; };
		D02FCF2429B378B70088BE23 /* PersistentStore.swift in Sources */ = {isa = PBXBuildFile; fileRef = D02FCF2329B378B70088BE23 /* PersistentStore.swift */; };
		D02FCF2629B37AB00088BE23 /* DataManager.swift in Sources */ = {isa = PBXBuildFile; fileRef = D02FCF2529B37AB00088BE23 /* DataManager.swift */; };
		D02FCF2929B37C8F0088BE23 /* Collections in Frameworks */ = {isa = PBXBuildFile; productRef = D02FCF2829B37C8F0088BE23 /* Collections */; };
		D02FCF2D29B385850088BE23 /* CoreApplianceEditorView.swift in Sources */ = {isa = PBXBuildFile; fileRef = D02FCF2C29B385840088BE23 /* CoreApplianceEditorView.swift */; };
		D02FCF2F29B3893B0088BE23 /* CoreDataTests.swift in Sources */ = {isa = PBXBuildFile; fileRef = D02FCF2E29B3893B0088BE23 /* CoreDataTests.swift */; };
		D035A95D291F794500426722 /* Config.swift in Sources */ = {isa = PBXBuildFile; fileRef = D035A95C291F794500426722 /* Config.swift */; };
		D035A964291F7AA400426722 /* Palette.swift in Sources */ = {isa = PBXBuildFile; fileRef = D035A963291F7AA400426722 /* Palette.swift */; };
		D035A966291F7B3400426722 /* Log.swift in Sources */ = {isa = PBXBuildFile; fileRef = D035A965291F7B3400426722 /* Log.swift */; };
		D035A968291F7B7B00426722 /* DebugView.swift in Sources */ = {isa = PBXBuildFile; fileRef = D035A967291F7B7B00426722 /* DebugView.swift */; };
		D035A96A291F7DF900426722 /* DayPrice.swift in Sources */ = {isa = PBXBuildFile; fileRef = D035A969291F7DF900426722 /* DayPrice.swift */; };
		D03D258329A2552900A96531 /* Notification.swift in Sources */ = {isa = PBXBuildFile; fileRef = D03D258229A2552900A96531 /* Notification.swift */; };
		D0409439296AB3BA007F5625 /* SettingsManager.swift in Sources */ = {isa = PBXBuildFile; fileRef = D0409438296AB3BA007F5625 /* SettingsManager.swift */; };
		D040943B296AB47A007F5625 /* SettingsView.swift in Sources */ = {isa = PBXBuildFile; fileRef = D040943A296AB47A007F5625 /* SettingsView.swift */; };
		D040943D296BD0C5007F5625 /* SettingsManagerTests.swift in Sources */ = {isa = PBXBuildFile; fileRef = D040943C296BD0C5007F5625 /* SettingsManagerTests.swift */; };
		D0496DD8291F7855008BEDA5 /* EnergramApp.swift in Sources */ = {isa = PBXBuildFile; fileRef = D0496DD7291F7855008BEDA5 /* EnergramApp.swift */; };
		D0496DDA291F7855008BEDA5 /* ContentView.swift in Sources */ = {isa = PBXBuildFile; fileRef = D0496DD9291F7855008BEDA5 /* ContentView.swift */; };
		D0496DDC291F7856008BEDA5 /* Assets.xcassets in Resources */ = {isa = PBXBuildFile; fileRef = D0496DDB291F7856008BEDA5 /* Assets.xcassets */; };
		D0496DDF291F7856008BEDA5 /* Preview Assets.xcassets in Resources */ = {isa = PBXBuildFile; fileRef = D0496DDE291F7856008BEDA5 /* Preview Assets.xcassets */; };
		D0496DE9291F7856008BEDA5 /* EnergramTests.swift in Sources */ = {isa = PBXBuildFile; fileRef = D0496DE8291F7856008BEDA5 /* EnergramTests.swift */; };
		D0496DF3291F7856008BEDA5 /* EnergramUITests.swift in Sources */ = {isa = PBXBuildFile; fileRef = D0496DF2291F7856008BEDA5 /* EnergramUITests.swift */; };
		D0496DF5291F7856008BEDA5 /* EnergramUITestsLaunchTests.swift in Sources */ = {isa = PBXBuildFile; fileRef = D0496DF4291F7856008BEDA5 /* EnergramUITestsLaunchTests.swift */; };
		D0590EF429B3920500C61176 /* CoreDataModel.xcdatamodeld in Sources */ = {isa = PBXBuildFile; fileRef = D0590EF229B3920500C61176 /* CoreDataModel.xcdatamodeld */; };
		D05C5B5E298F906E00854C05 /* DailyPlan.swift in Sources */ = {isa = PBXBuildFile; fileRef = D05C5B5D298F906E00854C05 /* DailyPlan.swift */; };
		D07AA05B29B63819006513B3 /* DateUtils.swift in Sources */ = {isa = PBXBuildFile; fileRef = D07AA05A29B63819006513B3 /* DateUtils.swift */; };
		D085BAE629B7287400B7C85B /* AnimationPlayground.swift in Sources */ = {isa = PBXBuildFile; fileRef = D085BAE529B7287400B7C85B /* AnimationPlayground.swift */; };
		D0911F3929B4C6CF001DF9C5 /* AppliedApplianceTests.swift in Sources */ = {isa = PBXBuildFile; fileRef = D0911F3829B4C6CF001DF9C5 /* AppliedApplianceTests.swift */; };
		D0911F3B29B4FD08001DF9C5 /* AppliedAppliance.swift in Sources */ = {isa = PBXBuildFile; fileRef = D0911F3A29B4FD08001DF9C5 /* AppliedAppliance.swift */; };
		D0911F3D29B51583001DF9C5 /* HourRow.swift in Sources */ = {isa = PBXBuildFile; fileRef = D0911F3C29B51583001DF9C5 /* HourRow.swift */; };
		D0922CB8297ED82600743426 /* ArgentumSans-Medium.ttf in Resources */ = {isa = PBXBuildFile; fileRef = D0922CB4297ED82600743426 /* ArgentumSans-Medium.ttf */; };
		D0922CB9297ED82600743426 /* ArgentumSans-Regular.ttf in Resources */ = {isa = PBXBuildFile; fileRef = D0922CB5297ED82600743426 /* ArgentumSans-Regular.ttf */; };
		D0922CBA297ED82600743426 /* ArgentumSans-Bold.ttf in Resources */ = {isa = PBXBuildFile; fileRef = D0922CB6297ED82600743426 /* ArgentumSans-Bold.ttf */; };
		D0922CBB297ED82600743426 /* ArgentumSans-Light.ttf in Resources */ = {isa = PBXBuildFile; fileRef = D0922CB7297ED82600743426 /* ArgentumSans-Light.ttf */; };
		D0922CBE297EDBAC00743426 /* Fonts.swift in Sources */ = {isa = PBXBuildFile; fileRef = D0922CBD297EDBAC00743426 /* Fonts.swift */; };
		D092FF0529B6567C002639D8 /* Currency.swift in Sources */ = {isa = PBXBuildFile; fileRef = D092FF0429B6567C002639D8 /* Currency.swift */; };
		D0B5EE2029B3B8120084B710 /* AppliancesListViewModel.swift in Sources */ = {isa = PBXBuildFile; fileRef = D0B5EE1F29B3B8120084B710 /* AppliancesListViewModel.swift */; };
		D0B5EE2229B3B84E0084B710 /* ApplianceEditorViewModel.swift in Sources */ = {isa = PBXBuildFile; fileRef = D0B5EE2129B3B84E0084B710 /* ApplianceEditorViewModel.swift */; };
		D0B6198E2938A47400887F00 /* Appliance.swift in Sources */ = {isa = PBXBuildFile; fileRef = D0B6198D2938A47400887F00 /* Appliance.swift */; };
		D0BA301529ACE8D5006411CB /* CurrencyRateService.swift in Sources */ = {isa = PBXBuildFile; fileRef = D0BA301429ACE8D5006411CB /* CurrencyRateService.swift */; };
		D0C923FB29A4BDC300A34E33 /* UserProfileView.swift in Sources */ = {isa = PBXBuildFile; fileRef = D0C923FA29A4BDC300A34E33 /* UserProfileView.swift */; };
		D0C923FD29A4BF0700A34E33 /* UserService.swift in Sources */ = {isa = PBXBuildFile; fileRef = D0C923FC29A4BF0700A34E33 /* UserService.swift */; };
		D0C9240029A4BF4600A34E33 /* LoginResponse.swift in Sources */ = {isa = PBXBuildFile; fileRef = D0C923FF29A4BF4600A34E33 /* LoginResponse.swift */; };
		D0C9240229A50CF500A34E33 /* User.swift in Sources */ = {isa = PBXBuildFile; fileRef = D0C9240129A50CF500A34E33 /* User.swift */; };
		D0C9240429A5176600A34E33 /* AuthData.swift in Sources */ = {isa = PBXBuildFile; fileRef = D0C9240329A5176600A34E33 /* AuthData.swift */; };
		D0C9240729A5377C00A34E33 /* CommonTextField.swift in Sources */ = {isa = PBXBuildFile; fileRef = D0C9240629A5377C00A34E33 /* CommonTextField.swift */; };
		D0C9240929A5426C00A34E33 /* UserLoginRegisterView.swift in Sources */ = {isa = PBXBuildFile; fileRef = D0C9240829A5426C00A34E33 /* UserLoginRegisterView.swift */; };
		D0C9240B29A5EFEB00A34E33 /* UserAuthState.swift in Sources */ = {isa = PBXBuildFile; fileRef = D0C9240A29A5EFEB00A34E33 /* UserAuthState.swift */; };
		D0C9240D29A5F07200A34E33 /* UserIndexView.swift in Sources */ = {isa = PBXBuildFile; fileRef = D0C9240C29A5F07200A34E33 /* UserIndexView.swift */; };
		D0C9240F29A608CB00A34E33 /* CommonPrimaryButton.swift in Sources */ = {isa = PBXBuildFile; fileRef = D0C9240E29A608CB00A34E33 /* CommonPrimaryButton.swift */; };
		D0D59CC029A6B956008DE52B /* UserpicView.swift in Sources */ = {isa = PBXBuildFile; fileRef = D0D59CBF29A6B956008DE52B /* UserpicView.swift */; };
		D0D5BD7629A10EBC00CCDC5D /* price_all_response.json in Resources */ = {isa = PBXBuildFile; fileRef = D0D5BD6F29A10EBC00CCDC5D /* price_all_response.json */; };
		D0D5BD7729A10EBC00CCDC5D /* auth_success_response.json in Resources */ = {isa = PBXBuildFile; fileRef = D0D5BD7029A10EBC00CCDC5D /* auth_success_response.json */; };
		D0D5BD7829A10EBC00CCDC5D /* user_specific_response.json in Resources */ = {isa = PBXBuildFile; fileRef = D0D5BD7129A10EBC00CCDC5D /* user_specific_response.json */; };
		D0D5BD7929A10EBC00CCDC5D /* users_response.json in Resources */ = {isa = PBXBuildFile; fileRef = D0D5BD7229A10EBC00CCDC5D /* users_response.json */; };
		D0D5BD7A29A10EBC00CCDC5D /* info_response.json in Resources */ = {isa = PBXBuildFile; fileRef = D0D5BD7329A10EBC00CCDC5D /* info_response.json */; };
		D0D5BD7B29A10EBC00CCDC5D /* appliance_all_response.json in Resources */ = {isa = PBXBuildFile; fileRef = D0D5BD7429A10EBC00CCDC5D /* appliance_all_response.json */; };
		D0D5BD7C29A10EBC00CCDC5D /* price_latest_response.json in Resources */ = {isa = PBXBuildFile; fileRef = D0D5BD7529A10EBC00CCDC5D /* price_latest_response.json */; };
		D0D5BD8129A10F3300CCDC5D /* HTTPClient.swift in Sources */ = {isa = PBXBuildFile; fileRef = D0D5BD7E29A10F3300CCDC5D /* HTTPClient.swift */; };
		D0D5BD8229A10F3300CCDC5D /* RequestError.swift in Sources */ = {isa = PBXBuildFile; fileRef = D0D5BD7F29A10F3300CCDC5D /* RequestError.swift */; };
		D0D5BD8329A10F3300CCDC5D /* Endpoint.swift in Sources */ = {isa = PBXBuildFile; fileRef = D0D5BD8029A10F3300CCDC5D /* Endpoint.swift */; };
		D0D5BD8529A10F5F00CCDC5D /* EnergramEndpoint.swift in Sources */ = {isa = PBXBuildFile; fileRef = D0D5BD8429A10F5F00CCDC5D /* EnergramEndpoint.swift */; };
		D0D5BD8729A1100300CCDC5D /* EnergramService.swift in Sources */ = {isa = PBXBuildFile; fileRef = D0D5BD8629A1100300CCDC5D /* EnergramService.swift */; };
		D0D5BD8D29A1107C00CCDC5D /* Mockable.swift in Sources */ = {isa = PBXBuildFile; fileRef = D0D5BD8B29A1107C00CCDC5D /* Mockable.swift */; };
		D0D5BD8F29A11F6600CCDC5D /* ApiInfoView.swift in Sources */ = {isa = PBXBuildFile; fileRef = D0D5BD8E29A11F6600CCDC5D /* ApiInfoView.swift */; };
		D0D5BD9229A1328100CCDC5D /* LoaderSpinner.swift in Sources */ = {isa = PBXBuildFile; fileRef = D0D5BD9129A1328100CCDC5D /* LoaderSpinner.swift */; };
		D0D5BD9429A159DB00CCDC5D /* EnergramServiceTests.swift in Sources */ = {isa = PBXBuildFile; fileRef = D0D5BD9329A159DB00CCDC5D /* EnergramServiceTests.swift */; };
		D0E2C7A4292122DE003F4DD9 /* DataPrettyPrint.swift in Sources */ = {isa = PBXBuildFile; fileRef = D0E2C7A3292122DD003F4DD9 /* DataPrettyPrint.swift */; };
		D0E2C7A6292124DF003F4DD9 /* MultipleDaysChartView.swift in Sources */ = {isa = PBXBuildFile; fileRef = D0E2C7A5292124DF003F4DD9 /* MultipleDaysChartView.swift */; };
		D0E2C7A829212A56003F4DD9 /* MiniChart.swift in Sources */ = {isa = PBXBuildFile; fileRef = D0E2C7A729212A56003F4DD9 /* MiniChart.swift */; };
/* End PBXBuildFile section */

/* Begin PBXContainerItemProxy section */
		D0496DE5291F7856008BEDA5 /* PBXContainerItemProxy */ = {
			isa = PBXContainerItemProxy;
			containerPortal = D0496DCC291F7855008BEDA5 /* Project object */;
			proxyType = 1;
			remoteGlobalIDString = D0496DD3291F7855008BEDA5;
			remoteInfo = Energram;
		};
		D0496DEF291F7856008BEDA5 /* PBXContainerItemProxy */ = {
			isa = PBXContainerItemProxy;
			containerPortal = D0496DCC291F7855008BEDA5 /* Project object */;
			proxyType = 1;
			remoteGlobalIDString = D0496DD3291F7855008BEDA5;
			remoteInfo = Energram;
		};
/* End PBXContainerItemProxy section */

/* Begin PBXFileReference section */
		D01366AC293368CB0004CE50 /* DayPlanView.swift */ = {isa = PBXFileReference; lastKnownFileType = sourcecode.swift; path = DayPlanView.swift; sourceTree = "<group>"; };
		D02968D82939E1A6003C7DA1 /* ApplianceLabel.swift */ = {isa = PBXFileReference; lastKnownFileType = sourcecode.swift; path = ApplianceLabel.swift; sourceTree = "<group>"; };
		D02F4F7A29B4930300328639 /* AppliedAppliancesView.swift */ = {isa = PBXFileReference; lastKnownFileType = sourcecode.swift; path = AppliedAppliancesView.swift; sourceTree = "<group>"; };
		D02FCF2329B378B70088BE23 /* PersistentStore.swift */ = {isa = PBXFileReference; lastKnownFileType = sourcecode.swift; path = PersistentStore.swift; sourceTree = "<group>"; };
		D02FCF2529B37AB00088BE23 /* DataManager.swift */ = {isa = PBXFileReference; lastKnownFileType = sourcecode.swift; path = DataManager.swift; sourceTree = "<group>"; };
		D02FCF2C29B385840088BE23 /* CoreApplianceEditorView.swift */ = {isa = PBXFileReference; lastKnownFileType = sourcecode.swift; path = CoreApplianceEditorView.swift; sourceTree = "<group>"; };
		D02FCF2E29B3893B0088BE23 /* CoreDataTests.swift */ = {isa = PBXFileReference; lastKnownFileType = sourcecode.swift; path = CoreDataTests.swift; sourceTree = "<group>"; };
		D035A95C291F794500426722 /* Config.swift */ = {isa = PBXFileReference; lastKnownFileType = sourcecode.swift; path = Config.swift; sourceTree = "<group>"; };
		D035A963291F7AA400426722 /* Palette.swift */ = {isa = PBXFileReference; lastKnownFileType = sourcecode.swift; path = Palette.swift; sourceTree = "<group>"; };
		D035A965291F7B3400426722 /* Log.swift */ = {isa = PBXFileReference; lastKnownFileType = sourcecode.swift; path = Log.swift; sourceTree = "<group>"; };
		D035A967291F7B7B00426722 /* DebugView.swift */ = {isa = PBXFileReference; lastKnownFileType = sourcecode.swift; path = DebugView.swift; sourceTree = "<group>"; };
		D035A969291F7DF900426722 /* DayPrice.swift */ = {isa = PBXFileReference; lastKnownFileType = sourcecode.swift; path = DayPrice.swift; sourceTree = "<group>"; };
		D03D258229A2552900A96531 /* Notification.swift */ = {isa = PBXFileReference; lastKnownFileType = sourcecode.swift; path = Notification.swift; sourceTree = "<group>"; };
		D0409438296AB3BA007F5625 /* SettingsManager.swift */ = {isa = PBXFileReference; lastKnownFileType = sourcecode.swift; path = SettingsManager.swift; sourceTree = "<group>"; };
		D040943A296AB47A007F5625 /* SettingsView.swift */ = {isa = PBXFileReference; lastKnownFileType = sourcecode.swift; path = SettingsView.swift; sourceTree = "<group>"; };
		D040943C296BD0C5007F5625 /* SettingsManagerTests.swift */ = {isa = PBXFileReference; lastKnownFileType = sourcecode.swift; path = SettingsManagerTests.swift; sourceTree = "<group>"; };
		D0496DD4291F7855008BEDA5 /* Energram.app */ = {isa = PBXFileReference; explicitFileType = wrapper.application; includeInIndex = 0; path = Energram.app; sourceTree = BUILT_PRODUCTS_DIR; };
		D0496DD7291F7855008BEDA5 /* EnergramApp.swift */ = {isa = PBXFileReference; lastKnownFileType = sourcecode.swift; path = EnergramApp.swift; sourceTree = "<group>"; };
		D0496DD9291F7855008BEDA5 /* ContentView.swift */ = {isa = PBXFileReference; lastKnownFileType = sourcecode.swift; path = ContentView.swift; sourceTree = "<group>"; };
		D0496DDB291F7856008BEDA5 /* Assets.xcassets */ = {isa = PBXFileReference; lastKnownFileType = folder.assetcatalog; path = Assets.xcassets; sourceTree = "<group>"; };
		D0496DDE291F7856008BEDA5 /* Preview Assets.xcassets */ = {isa = PBXFileReference; lastKnownFileType = folder.assetcatalog; path = "Preview Assets.xcassets"; sourceTree = "<group>"; };
		D0496DE4291F7856008BEDA5 /* EnergramTests.xctest */ = {isa = PBXFileReference; explicitFileType = wrapper.cfbundle; includeInIndex = 0; path = EnergramTests.xctest; sourceTree = BUILT_PRODUCTS_DIR; };
		D0496DE8291F7856008BEDA5 /* EnergramTests.swift */ = {isa = PBXFileReference; lastKnownFileType = sourcecode.swift; path = EnergramTests.swift; sourceTree = "<group>"; };
		D0496DEE291F7856008BEDA5 /* EnergramUITests.xctest */ = {isa = PBXFileReference; explicitFileType = wrapper.cfbundle; includeInIndex = 0; path = EnergramUITests.xctest; sourceTree = BUILT_PRODUCTS_DIR; };
		D0496DF2291F7856008BEDA5 /* EnergramUITests.swift */ = {isa = PBXFileReference; lastKnownFileType = sourcecode.swift; path = EnergramUITests.swift; sourceTree = "<group>"; };
		D0496DF4291F7856008BEDA5 /* EnergramUITestsLaunchTests.swift */ = {isa = PBXFileReference; lastKnownFileType = sourcecode.swift; path = EnergramUITestsLaunchTests.swift; sourceTree = "<group>"; };
		D0590EF329B3920500C61176 /* CoreDataModel.xcdatamodel */ = {isa = PBXFileReference; lastKnownFileType = wrapper.xcdatamodel; path = CoreDataModel.xcdatamodel; sourceTree = "<group>"; };
		D05C5B5D298F906E00854C05 /* DailyPlan.swift */ = {isa = PBXFileReference; lastKnownFileType = sourcecode.swift; path = DailyPlan.swift; sourceTree = "<group>"; };
		D07AA05A29B63819006513B3 /* DateUtils.swift */ = {isa = PBXFileReference; lastKnownFileType = sourcecode.swift; path = DateUtils.swift; sourceTree = "<group>"; };
		D085BAE529B7287400B7C85B /* AnimationPlayground.swift */ = {isa = PBXFileReference; lastKnownFileType = sourcecode.swift; path = AnimationPlayground.swift; sourceTree = "<group>"; };
		D08C1EDD2962B030004BF768 /* Info.plist */ = {isa = PBXFileReference; lastKnownFileType = text.plist; path = Info.plist; sourceTree = "<group>"; };
		D0911F3829B4C6CF001DF9C5 /* AppliedApplianceTests.swift */ = {isa = PBXFileReference; lastKnownFileType = sourcecode.swift; path = AppliedApplianceTests.swift; sourceTree = "<group>"; };
		D0911F3A29B4FD08001DF9C5 /* AppliedAppliance.swift */ = {isa = PBXFileReference; lastKnownFileType = sourcecode.swift; path = AppliedAppliance.swift; sourceTree = "<group>"; };
		D0911F3C29B51583001DF9C5 /* HourRow.swift */ = {isa = PBXFileReference; lastKnownFileType = sourcecode.swift; path = HourRow.swift; sourceTree = "<group>"; };
		D0922CB4297ED82600743426 /* ArgentumSans-Medium.ttf */ = {isa = PBXFileReference; lastKnownFileType = file; path = "ArgentumSans-Medium.ttf"; sourceTree = "<group>"; };
		D0922CB5297ED82600743426 /* ArgentumSans-Regular.ttf */ = {isa = PBXFileReference; lastKnownFileType = file; path = "ArgentumSans-Regular.ttf"; sourceTree = "<group>"; };
		D0922CB6297ED82600743426 /* ArgentumSans-Bold.ttf */ = {isa = PBXFileReference; lastKnownFileType = file; path = "ArgentumSans-Bold.ttf"; sourceTree = "<group>"; };
		D0922CB7297ED82600743426 /* ArgentumSans-Light.ttf */ = {isa = PBXFileReference; lastKnownFileType = file; path = "ArgentumSans-Light.ttf"; sourceTree = "<group>"; };
		D0922CBD297EDBAC00743426 /* Fonts.swift */ = {isa = PBXFileReference; lastKnownFileType = sourcecode.swift; path = Fonts.swift; sourceTree = "<group>"; };
		D092FF0429B6567C002639D8 /* Currency.swift */ = {isa = PBXFileReference; lastKnownFileType = sourcecode.swift; path = Currency.swift; sourceTree = "<group>"; };
		D0B5EE1F29B3B8120084B710 /* AppliancesListViewModel.swift */ = {isa = PBXFileReference; lastKnownFileType = sourcecode.swift; path = AppliancesListViewModel.swift; sourceTree = "<group>"; };
		D0B5EE2129B3B84E0084B710 /* ApplianceEditorViewModel.swift */ = {isa = PBXFileReference; lastKnownFileType = sourcecode.swift; path = ApplianceEditorViewModel.swift; sourceTree = "<group>"; };
		D0B6198D2938A47400887F00 /* Appliance.swift */ = {isa = PBXFileReference; lastKnownFileType = sourcecode.swift; path = Appliance.swift; sourceTree = "<group>"; };
		D0BA301429ACE8D5006411CB /* CurrencyRateService.swift */ = {isa = PBXFileReference; lastKnownFileType = sourcecode.swift; path = CurrencyRateService.swift; sourceTree = "<group>"; };
		D0C923FA29A4BDC300A34E33 /* UserProfileView.swift */ = {isa = PBXFileReference; lastKnownFileType = sourcecode.swift; path = UserProfileView.swift; sourceTree = "<group>"; };
		D0C923FC29A4BF0700A34E33 /* UserService.swift */ = {isa = PBXFileReference; lastKnownFileType = sourcecode.swift; path = UserService.swift; sourceTree = "<group>"; };
		D0C923FF29A4BF4600A34E33 /* LoginResponse.swift */ = {isa = PBXFileReference; lastKnownFileType = sourcecode.swift; path = LoginResponse.swift; sourceTree = "<group>"; };
		D0C9240129A50CF500A34E33 /* User.swift */ = {isa = PBXFileReference; lastKnownFileType = sourcecode.swift; path = User.swift; sourceTree = "<group>"; };
		D0C9240329A5176600A34E33 /* AuthData.swift */ = {isa = PBXFileReference; lastKnownFileType = sourcecode.swift; path = AuthData.swift; sourceTree = "<group>"; };
		D0C9240629A5377C00A34E33 /* CommonTextField.swift */ = {isa = PBXFileReference; lastKnownFileType = sourcecode.swift; path = CommonTextField.swift; sourceTree = "<group>"; };
		D0C9240829A5426C00A34E33 /* UserLoginRegisterView.swift */ = {isa = PBXFileReference; lastKnownFileType = sourcecode.swift; path = UserLoginRegisterView.swift; sourceTree = "<group>"; };
		D0C9240A29A5EFEB00A34E33 /* UserAuthState.swift */ = {isa = PBXFileReference; lastKnownFileType = sourcecode.swift; path = UserAuthState.swift; sourceTree = "<group>"; };
		D0C9240C29A5F07200A34E33 /* UserIndexView.swift */ = {isa = PBXFileReference; lastKnownFileType = sourcecode.swift; path = UserIndexView.swift; sourceTree = "<group>"; };
		D0C9240E29A608CB00A34E33 /* CommonPrimaryButton.swift */ = {isa = PBXFileReference; lastKnownFileType = sourcecode.swift; path = CommonPrimaryButton.swift; sourceTree = "<group>"; };
		D0D59CBF29A6B956008DE52B /* UserpicView.swift */ = {isa = PBXFileReference; lastKnownFileType = sourcecode.swift; path = UserpicView.swift; sourceTree = "<group>"; };
		D0D5BD6F29A10EBC00CCDC5D /* price_all_response.json */ = {isa = PBXFileReference; fileEncoding = 4; lastKnownFileType = text.json; path = price_all_response.json; sourceTree = "<group>"; };
		D0D5BD7029A10EBC00CCDC5D /* auth_success_response.json */ = {isa = PBXFileReference; fileEncoding = 4; lastKnownFileType = text.json; path = auth_success_response.json; sourceTree = "<group>"; };
		D0D5BD7129A10EBC00CCDC5D /* user_specific_response.json */ = {isa = PBXFileReference; fileEncoding = 4; lastKnownFileType = text.json; path = user_specific_response.json; sourceTree = "<group>"; };
		D0D5BD7229A10EBC00CCDC5D /* users_response.json */ = {isa = PBXFileReference; fileEncoding = 4; lastKnownFileType = text.json; path = users_response.json; sourceTree = "<group>"; };
		D0D5BD7329A10EBC00CCDC5D /* info_response.json */ = {isa = PBXFileReference; fileEncoding = 4; lastKnownFileType = text.json; path = info_response.json; sourceTree = "<group>"; };
		D0D5BD7429A10EBC00CCDC5D /* appliance_all_response.json */ = {isa = PBXFileReference; fileEncoding = 4; lastKnownFileType = text.json; path = appliance_all_response.json; sourceTree = "<group>"; };
		D0D5BD7529A10EBC00CCDC5D /* price_latest_response.json */ = {isa = PBXFileReference; fileEncoding = 4; lastKnownFileType = text.json; path = price_latest_response.json; sourceTree = "<group>"; };
		D0D5BD7E29A10F3300CCDC5D /* HTTPClient.swift */ = {isa = PBXFileReference; fileEncoding = 4; lastKnownFileType = sourcecode.swift; path = HTTPClient.swift; sourceTree = "<group>"; };
		D0D5BD7F29A10F3300CCDC5D /* RequestError.swift */ = {isa = PBXFileReference; fileEncoding = 4; lastKnownFileType = sourcecode.swift; path = RequestError.swift; sourceTree = "<group>"; };
		D0D5BD8029A10F3300CCDC5D /* Endpoint.swift */ = {isa = PBXFileReference; fileEncoding = 4; lastKnownFileType = sourcecode.swift; path = Endpoint.swift; sourceTree = "<group>"; };
		D0D5BD8429A10F5F00CCDC5D /* EnergramEndpoint.swift */ = {isa = PBXFileReference; fileEncoding = 4; lastKnownFileType = sourcecode.swift; path = EnergramEndpoint.swift; sourceTree = "<group>"; };
		D0D5BD8629A1100300CCDC5D /* EnergramService.swift */ = {isa = PBXFileReference; fileEncoding = 4; lastKnownFileType = sourcecode.swift; path = EnergramService.swift; sourceTree = "<group>"; };
		D0D5BD8B29A1107C00CCDC5D /* Mockable.swift */ = {isa = PBXFileReference; fileEncoding = 4; lastKnownFileType = sourcecode.swift; path = Mockable.swift; sourceTree = "<group>"; };
		D0D5BD8E29A11F6600CCDC5D /* ApiInfoView.swift */ = {isa = PBXFileReference; lastKnownFileType = sourcecode.swift; path = ApiInfoView.swift; sourceTree = "<group>"; };
		D0D5BD9129A1328100CCDC5D /* LoaderSpinner.swift */ = {isa = PBXFileReference; lastKnownFileType = sourcecode.swift; path = LoaderSpinner.swift; sourceTree = "<group>"; };
		D0D5BD9329A159DB00CCDC5D /* EnergramServiceTests.swift */ = {isa = PBXFileReference; lastKnownFileType = sourcecode.swift; path = EnergramServiceTests.swift; sourceTree = "<group>"; };
		D0E2C7A3292122DD003F4DD9 /* DataPrettyPrint.swift */ = {isa = PBXFileReference; lastKnownFileType = sourcecode.swift; path = DataPrettyPrint.swift; sourceTree = "<group>"; };
		D0E2C7A5292124DF003F4DD9 /* MultipleDaysChartView.swift */ = {isa = PBXFileReference; lastKnownFileType = sourcecode.swift; path = MultipleDaysChartView.swift; sourceTree = "<group>"; };
		D0E2C7A729212A56003F4DD9 /* MiniChart.swift */ = {isa = PBXFileReference; lastKnownFileType = sourcecode.swift; path = MiniChart.swift; sourceTree = "<group>"; };
		D0EFCB0F2920E51000EC32C3 /* Energram.entitlements */ = {isa = PBXFileReference; lastKnownFileType = text.plist.entitlements; path = Energram.entitlements; sourceTree = "<group>"; };
/* End PBXFileReference section */

/* Begin PBXFrameworksBuildPhase section */
		D0496DD1291F7855008BEDA5 /* Frameworks */ = {
			isa = PBXFrameworksBuildPhase;
			buildActionMask = 2147483647;
			files = (
				D02FCF2929B37C8F0088BE23 /* Collections in Frameworks */,
			);
			runOnlyForDeploymentPostprocessing = 0;
		};
		D0496DE1291F7856008BEDA5 /* Frameworks */ = {
			isa = PBXFrameworksBuildPhase;
			buildActionMask = 2147483647;
			files = (
			);
			runOnlyForDeploymentPostprocessing = 0;
		};
		D0496DEB291F7856008BEDA5 /* Frameworks */ = {
			isa = PBXFrameworksBuildPhase;
			buildActionMask = 2147483647;
			files = (
			);
			runOnlyForDeploymentPostprocessing = 0;
		};
/* End PBXFrameworksBuildPhase section */

/* Begin PBXGroup section */
		D02FCF2229B378A70088BE23 /* CoreData */ = {
			isa = PBXGroup;
			children = (
				D0590EF229B3920500C61176 /* CoreDataModel.xcdatamodeld */,
				D02FCF2329B378B70088BE23 /* PersistentStore.swift */,
				D02FCF2529B37AB00088BE23 /* DataManager.swift */,
			);
			path = CoreData;
			sourceTree = "<group>";
		};
		D035A95E291F7A0900426722 /* Views */ = {
			isa = PBXGroup;
			children = (
				D0C9240529A5375800A34E33 /* CommonUI */,
				D0C923F929A4BDB400A34E33 /* User */,
				D0D5BD9029A12DF900CCDC5D /* Misc */,
				D01366AC293368CB0004CE50 /* DayPlanView.swift */,
				D0E2C7A729212A56003F4DD9 /* MiniChart.swift */,
				D02FCF2C29B385840088BE23 /* CoreApplianceEditorView.swift */,
				D085BAE529B7287400B7C85B /* AnimationPlayground.swift */,
				D02F4F7A29B4930300328639 /* AppliedAppliancesView.swift */,
				D035A967291F7B7B00426722 /* DebugView.swift */,
				D0E2C7A5292124DF003F4DD9 /* MultipleDaysChartView.swift */,
				D02968D82939E1A6003C7DA1 /* ApplianceLabel.swift */,
				D0911F3C29B51583001DF9C5 /* HourRow.swift */,
				D040943A296AB47A007F5625 /* SettingsView.swift */,
			);
			path = Views;
			sourceTree = "<group>";
		};
		D035A95F291F7A1400426722 /* Models */ = {
			isa = PBXGroup;
			children = (
				D0C923FE29A4BF2C00A34E33 /* User */,
				D035A969291F7DF900426722 /* DayPrice.swift */,
				D0B5EE1E29B3B7DF0084B710 /* Appliance */,
				D05C5B5D298F906E00854C05 /* DailyPlan.swift */,
				D092FF0429B6567C002639D8 /* Currency.swift */,
			);
			path = Models;
			sourceTree = "<group>";
		};
		D035A962291F7A9A00426722 /* Misc */ = {
			isa = PBXGroup;
			children = (
				D035A963291F7AA400426722 /* Palette.swift */,
				D035A965291F7B3400426722 /* Log.swift */,
				D0E2C7A3292122DD003F4DD9 /* DataPrettyPrint.swift */,
				D0922CBD297EDBAC00743426 /* Fonts.swift */,
				D03D258229A2552900A96531 /* Notification.swift */,
				D07AA05A29B63819006513B3 /* DateUtils.swift */,
			);
			path = Misc;
			sourceTree = "<group>";
		};
		D035A96B291F80D400426722 /* Services */ = {
			isa = PBXGroup;
			children = (
				D0BA301329ACE8B1006411CB /* CurrencyRate */,
				D0D5BD7D29A10F3300CCDC5D /* Network */,
				D0409438296AB3BA007F5625 /* SettingsManager.swift */,
				D0D5BD8629A1100300CCDC5D /* EnergramService.swift */,
				D0D5BD8429A10F5F00CCDC5D /* EnergramEndpoint.swift */,
				D0C923FC29A4BF0700A34E33 /* UserService.swift */,
			);
			path = Services;
			sourceTree = "<group>";
		};
		D0496DCB291F7855008BEDA5 = {
			isa = PBXGroup;
			children = (
				D0496DD6291F7855008BEDA5 /* Energram */,
				D0496DE7291F7856008BEDA5 /* EnergramTests */,
				D0496DF1291F7856008BEDA5 /* EnergramUITests */,
				D0496DD5291F7855008BEDA5 /* Products */,
			);
			sourceTree = "<group>";
		};
		D0496DD5291F7855008BEDA5 /* Products */ = {
			isa = PBXGroup;
			children = (
				D0496DD4291F7855008BEDA5 /* Energram.app */,
				D0496DE4291F7856008BEDA5 /* EnergramTests.xctest */,
				D0496DEE291F7856008BEDA5 /* EnergramUITests.xctest */,
			);
			name = Products;
			sourceTree = "<group>";
		};
		D0496DD6291F7855008BEDA5 /* Energram */ = {
			isa = PBXGroup;
			children = (
				D08C1EDD2962B030004BF768 /* Info.plist */,
				D0EFCB0F2920E51000EC32C3 /* Energram.entitlements */,
				D02FCF2229B378A70088BE23 /* CoreData */,
				D035A95F291F7A1400426722 /* Models */,
				D035A96B291F80D400426722 /* Services */,
				D035A962291F7A9A00426722 /* Misc */,
				D035A95E291F7A0900426722 /* Views */,
				D0496DD7291F7855008BEDA5 /* EnergramApp.swift */,
				D035A95C291F794500426722 /* Config.swift */,
				D0496DD9291F7855008BEDA5 /* ContentView.swift */,
				D0496DDB291F7856008BEDA5 /* Assets.xcassets */,
				D0922CBC297ED82D00743426 /* Fonts */,
				D0496DDD291F7856008BEDA5 /* Preview Content */,
			);
			path = Energram;
			sourceTree = "<group>";
		};
		D0496DDD291F7856008BEDA5 /* Preview Content */ = {
			isa = PBXGroup;
			children = (
				D0496DDE291F7856008BEDA5 /* Preview Assets.xcassets */,
			);
			path = "Preview Content";
			sourceTree = "<group>";
		};
		D0496DE7291F7856008BEDA5 /* EnergramTests */ = {
			isa = PBXGroup;
			children = (
				D0D5BD8B29A1107C00CCDC5D /* Mockable.swift */,
				D0D5BD6E29A10EBC00CCDC5D /* JSON */,
				D0496DE8291F7856008BEDA5 /* EnergramTests.swift */,
				D0911F3829B4C6CF001DF9C5 /* AppliedApplianceTests.swift */,
				D040943C296BD0C5007F5625 /* SettingsManagerTests.swift */,
				D0D5BD9329A159DB00CCDC5D /* EnergramServiceTests.swift */,
				D02FCF2E29B3893B0088BE23 /* CoreDataTests.swift */,
			);
			path = EnergramTests;
			sourceTree = "<group>";
		};
		D0496DF1291F7856008BEDA5 /* EnergramUITests */ = {
			isa = PBXGroup;
			children = (
				D0496DF2291F7856008BEDA5 /* EnergramUITests.swift */,
				D0496DF4291F7856008BEDA5 /* EnergramUITestsLaunchTests.swift */,
			);
			path = EnergramUITests;
			sourceTree = "<group>";
		};
		D0922CBC297ED82D00743426 /* Fonts */ = {
			isa = PBXGroup;
			children = (
				D0922CB6297ED82600743426 /* ArgentumSans-Bold.ttf */,
				D0922CB7297ED82600743426 /* ArgentumSans-Light.ttf */,
				D0922CB4297ED82600743426 /* ArgentumSans-Medium.ttf */,
				D0922CB5297ED82600743426 /* ArgentumSans-Regular.ttf */,
			);
			path = Fonts;
			sourceTree = "<group>";
		};
		D0B5EE1E29B3B7DF0084B710 /* Appliance */ = {
			isa = PBXGroup;
			children = (
				D0B6198D2938A47400887F00 /* Appliance.swift */,
				D0B5EE1F29B3B8120084B710 /* AppliancesListViewModel.swift */,
				D0B5EE2129B3B84E0084B710 /* ApplianceEditorViewModel.swift */,
				D0911F3A29B4FD08001DF9C5 /* AppliedAppliance.swift */,
			);
			path = Appliance;
			sourceTree = "<group>";
		};
		D0BA301329ACE8B1006411CB /* CurrencyRate */ = {
			isa = PBXGroup;
			children = (
				D0BA301429ACE8D5006411CB /* CurrencyRateService.swift */,
			);
			path = CurrencyRate;
			sourceTree = "<group>";
		};
		D0C923F929A4BDB400A34E33 /* User */ = {
			isa = PBXGroup;
			children = (
				D0C923FA29A4BDC300A34E33 /* UserProfileView.swift */,
				D0C9240829A5426C00A34E33 /* UserLoginRegisterView.swift */,
				D0C9240C29A5F07200A34E33 /* UserIndexView.swift */,
				D0D59CBF29A6B956008DE52B /* UserpicView.swift */,
			);
			path = User;
			sourceTree = "<group>";
		};
		D0C923FE29A4BF2C00A34E33 /* User */ = {
			isa = PBXGroup;
			children = (
				D0C923FF29A4BF4600A34E33 /* LoginResponse.swift */,
				D0C9240129A50CF500A34E33 /* User.swift */,
				D0C9240329A5176600A34E33 /* AuthData.swift */,
				D0C9240A29A5EFEB00A34E33 /* UserAuthState.swift */,
			);
			path = User;
			sourceTree = "<group>";
		};
		D0C9240529A5375800A34E33 /* CommonUI */ = {
			isa = PBXGroup;
			children = (
				D0C9240629A5377C00A34E33 /* CommonTextField.swift */,
				D0C9240E29A608CB00A34E33 /* CommonPrimaryButton.swift */,
			);
			path = CommonUI;
			sourceTree = "<group>";
		};
		D0D5BD6E29A10EBC00CCDC5D /* JSON */ = {
			isa = PBXGroup;
			children = (
				D0D5BD6F29A10EBC00CCDC5D /* price_all_response.json */,
				D0D5BD7029A10EBC00CCDC5D /* auth_success_response.json */,
				D0D5BD7129A10EBC00CCDC5D /* user_specific_response.json */,
				D0D5BD7229A10EBC00CCDC5D /* users_response.json */,
				D0D5BD7329A10EBC00CCDC5D /* info_response.json */,
				D0D5BD7429A10EBC00CCDC5D /* appliance_all_response.json */,
				D0D5BD7529A10EBC00CCDC5D /* price_latest_response.json */,
			);
			path = JSON;
			sourceTree = "<group>";
		};
		D0D5BD7D29A10F3300CCDC5D /* Network */ = {
			isa = PBXGroup;
			children = (
				D0D5BD7E29A10F3300CCDC5D /* HTTPClient.swift */,
				D0D5BD7F29A10F3300CCDC5D /* RequestError.swift */,
				D0D5BD8029A10F3300CCDC5D /* Endpoint.swift */,
			);
			path = Network;
			sourceTree = "<group>";
		};
		D0D5BD9029A12DF900CCDC5D /* Misc */ = {
			isa = PBXGroup;
			children = (
				D0D5BD8E29A11F6600CCDC5D /* ApiInfoView.swift */,
				D0D5BD9129A1328100CCDC5D /* LoaderSpinner.swift */,
			);
			path = Misc;
			sourceTree = "<group>";
		};
/* End PBXGroup section */

/* Begin PBXNativeTarget section */
		D0496DD3291F7855008BEDA5 /* Energram */ = {
			isa = PBXNativeTarget;
			buildConfigurationList = D0496DF8291F7856008BEDA5 /* Build configuration list for PBXNativeTarget "Energram" */;
			buildPhases = (
				D0496DD0291F7855008BEDA5 /* Sources */,
				D0496DD1291F7855008BEDA5 /* Frameworks */,
				D0496DD2291F7855008BEDA5 /* Resources */,
			);
			buildRules = (
			);
			dependencies = (
			);
			name = Energram;
			packageProductDependencies = (
				D02FCF2829B37C8F0088BE23 /* Collections */,
			);
			productName = Energram;
			productReference = D0496DD4291F7855008BEDA5 /* Energram.app */;
			productType = "com.apple.product-type.application";
		};
		D0496DE3291F7856008BEDA5 /* EnergramTests */ = {
			isa = PBXNativeTarget;
			buildConfigurationList = D0496DFB291F7856008BEDA5 /* Build configuration list for PBXNativeTarget "EnergramTests" */;
			buildPhases = (
				D0496DE0291F7856008BEDA5 /* Sources */,
				D0496DE1291F7856008BEDA5 /* Frameworks */,
				D0496DE2291F7856008BEDA5 /* Resources */,
			);
			buildRules = (
			);
			dependencies = (
				D0496DE6291F7856008BEDA5 /* PBXTargetDependency */,
			);
			name = EnergramTests;
			productName = EnergramTests;
			productReference = D0496DE4291F7856008BEDA5 /* EnergramTests.xctest */;
			productType = "com.apple.product-type.bundle.unit-test";
		};
		D0496DED291F7856008BEDA5 /* EnergramUITests */ = {
			isa = PBXNativeTarget;
			buildConfigurationList = D0496DFE291F7856008BEDA5 /* Build configuration list for PBXNativeTarget "EnergramUITests" */;
			buildPhases = (
				D0496DEA291F7856008BEDA5 /* Sources */,
				D0496DEB291F7856008BEDA5 /* Frameworks */,
				D0496DEC291F7856008BEDA5 /* Resources */,
			);
			buildRules = (
			);
			dependencies = (
				D0496DF0291F7856008BEDA5 /* PBXTargetDependency */,
			);
			name = EnergramUITests;
			productName = EnergramUITests;
			productReference = D0496DEE291F7856008BEDA5 /* EnergramUITests.xctest */;
			productType = "com.apple.product-type.bundle.ui-testing";
		};
/* End PBXNativeTarget section */

/* Begin PBXProject section */
		D0496DCC291F7855008BEDA5 /* Project object */ = {
			isa = PBXProject;
			attributes = {
				BuildIndependentTargetsInParallel = 1;
				LastSwiftUpdateCheck = 1410;
				LastUpgradeCheck = 1410;
				TargetAttributes = {
					D0496DD3291F7855008BEDA5 = {
						CreatedOnToolsVersion = 14.1;
					};
					D0496DE3291F7856008BEDA5 = {
						CreatedOnToolsVersion = 14.1;
						TestTargetID = D0496DD3291F7855008BEDA5;
					};
					D0496DED291F7856008BEDA5 = {
						CreatedOnToolsVersion = 14.1;
						TestTargetID = D0496DD3291F7855008BEDA5;
					};
				};
			};
			buildConfigurationList = D0496DCF291F7855008BEDA5 /* Build configuration list for PBXProject "Energram" */;
			compatibilityVersion = "Xcode 14.0";
			developmentRegion = en;
			hasScannedForEncodings = 0;
			knownRegions = (
				en,
				Base,
			);
			mainGroup = D0496DCB291F7855008BEDA5;
			packageReferences = (
				D02FCF2729B37C8F0088BE23 /* XCRemoteSwiftPackageReference "swift-collections" */,
			);
			productRefGroup = D0496DD5291F7855008BEDA5 /* Products */;
			projectDirPath = "";
			projectRoot = "";
			targets = (
				D0496DD3291F7855008BEDA5 /* Energram */,
				D0496DE3291F7856008BEDA5 /* EnergramTests */,
				D0496DED291F7856008BEDA5 /* EnergramUITests */,
			);
		};
/* End PBXProject section */

/* Begin PBXResourcesBuildPhase section */
		D0496DD2291F7855008BEDA5 /* Resources */ = {
			isa = PBXResourcesBuildPhase;
			buildActionMask = 2147483647;
			files = (
				D0922CB8297ED82600743426 /* ArgentumSans-Medium.ttf in Resources */,
				D0922CBB297ED82600743426 /* ArgentumSans-Light.ttf in Resources */,
				D0496DDF291F7856008BEDA5 /* Preview Assets.xcassets in Resources */,
				D0496DDC291F7856008BEDA5 /* Assets.xcassets in Resources */,
				D0922CBA297ED82600743426 /* ArgentumSans-Bold.ttf in Resources */,
				D0922CB9297ED82600743426 /* ArgentumSans-Regular.ttf in Resources */,
			);
			runOnlyForDeploymentPostprocessing = 0;
		};
		D0496DE2291F7856008BEDA5 /* Resources */ = {
			isa = PBXResourcesBuildPhase;
			buildActionMask = 2147483647;
			files = (
				D0D5BD7B29A10EBC00CCDC5D /* appliance_all_response.json in Resources */,
				D0D5BD7829A10EBC00CCDC5D /* user_specific_response.json in Resources */,
				D0D5BD7729A10EBC00CCDC5D /* auth_success_response.json in Resources */,
				D0D5BD7A29A10EBC00CCDC5D /* info_response.json in Resources */,
				D0D5BD7629A10EBC00CCDC5D /* price_all_response.json in Resources */,
				D0D5BD7C29A10EBC00CCDC5D /* price_latest_response.json in Resources */,
				D0D5BD7929A10EBC00CCDC5D /* users_response.json in Resources */,
			);
			runOnlyForDeploymentPostprocessing = 0;
		};
		D0496DEC291F7856008BEDA5 /* Resources */ = {
			isa = PBXResourcesBuildPhase;
			buildActionMask = 2147483647;
			files = (
			);
			runOnlyForDeploymentPostprocessing = 0;
		};
/* End PBXResourcesBuildPhase section */

/* Begin PBXSourcesBuildPhase section */
		D0496DD0291F7855008BEDA5 /* Sources */ = {
			isa = PBXSourcesBuildPhase;
			buildActionMask = 2147483647;
			files = (
				D0C923FD29A4BF0700A34E33 /* UserService.swift in Sources */,
				D0496DDA291F7855008BEDA5 /* ContentView.swift in Sources */,
				D02F4F7B29B4930300328639 /* AppliedAppliancesView.swift in Sources */,
				D0C9240729A5377C00A34E33 /* CommonTextField.swift in Sources */,
				D0C923FB29A4BDC300A34E33 /* UserProfileView.swift in Sources */,
				D0D5BD8129A10F3300CCDC5D /* HTTPClient.swift in Sources */,
				D01366AD293368CB0004CE50 /* DayPlanView.swift in Sources */,
				D0496DD8291F7855008BEDA5 /* EnergramApp.swift in Sources */,
				D035A96A291F7DF900426722 /* DayPrice.swift in Sources */,
				D0C9240029A4BF4600A34E33 /* LoginResponse.swift in Sources */,
				D0C9240429A5176600A34E33 /* AuthData.swift in Sources */,
				D0C9240229A50CF500A34E33 /* User.swift in Sources */,
				D0E2C7A829212A56003F4DD9 /* MiniChart.swift in Sources */,
				D0C9240D29A5F07200A34E33 /* UserIndexView.swift in Sources */,
				D0922CBE297EDBAC00743426 /* Fonts.swift in Sources */,
				D0B5EE2229B3B84E0084B710 /* ApplianceEditorViewModel.swift in Sources */,
				D0590EF429B3920500C61176 /* CoreDataModel.xcdatamodeld in Sources */,
				D0BA301529ACE8D5006411CB /* CurrencyRateService.swift in Sources */,
				D0D5BD8729A1100300CCDC5D /* EnergramService.swift in Sources */,
				D0B6198E2938A47400887F00 /* Appliance.swift in Sources */,
				D085BAE629B7287400B7C85B /* AnimationPlayground.swift in Sources */,
				D0D5BD8229A10F3300CCDC5D /* RequestError.swift in Sources */,
				D035A966291F7B3400426722 /* Log.swift in Sources */,
				D035A968291F7B7B00426722 /* DebugView.swift in Sources */,
				D02FCF2429B378B70088BE23 /* PersistentStore.swift in Sources */,
				D07AA05B29B63819006513B3 /* DateUtils.swift in Sources */,
				D0C9240B29A5EFEB00A34E33 /* UserAuthState.swift in Sources */,
				D0E2C7A6292124DF003F4DD9 /* MultipleDaysChartView.swift in Sources */,
				D05C5B5E298F906E00854C05 /* DailyPlan.swift in Sources */,
				D0D5BD8329A10F3300CCDC5D /* Endpoint.swift in Sources */,
				D035A964291F7AA400426722 /* Palette.swift in Sources */,
				D0911F3D29B51583001DF9C5 /* HourRow.swift in Sources */,
				D0D59CC029A6B956008DE52B /* UserpicView.swift in Sources */,
				D0D5BD8F29A11F6600CCDC5D /* ApiInfoView.swift in Sources */,
				D0C9240F29A608CB00A34E33 /* CommonPrimaryButton.swift in Sources */,
				D0911F3B29B4FD08001DF9C5 /* AppliedAppliance.swift in Sources */,
				D02FCF2D29B385850088BE23 /* CoreApplianceEditorView.swift in Sources */,
				D092FF0529B6567C002639D8 /* Currency.swift in Sources */,
				D0C9240929A5426C00A34E33 /* UserLoginRegisterView.swift in Sources */,
				D02FCF2629B37AB00088BE23 /* DataManager.swift in Sources */,
				D035A95D291F794500426722 /* Config.swift in Sources */,
				D03D258329A2552900A96531 /* Notification.swift in Sources */,
				D0D5BD9229A1328100CCDC5D /* LoaderSpinner.swift in Sources */,
				D0409439296AB3BA007F5625 /* SettingsManager.swift in Sources */,
				D0D5BD8529A10F5F00CCDC5D /* EnergramEndpoint.swift in Sources */,
				D0B5EE2029B3B8120084B710 /* AppliancesListViewModel.swift in Sources */,
				D0E2C7A4292122DE003F4DD9 /* DataPrettyPrint.swift in Sources */,
				D02968D92939E1A6003C7DA1 /* ApplianceLabel.swift in Sources */,
				D040943B296AB47A007F5625 /* SettingsView.swift in Sources */,
			);
			runOnlyForDeploymentPostprocessing = 0;
		};
		D0496DE0291F7856008BEDA5 /* Sources */ = {
			isa = PBXSourcesBuildPhase;
			buildActionMask = 2147483647;
			files = (
				D0496DE9291F7856008BEDA5 /* EnergramTests.swift in Sources */,
				D0911F3929B4C6CF001DF9C5 /* AppliedApplianceTests.swift in Sources */,
				D0D5BD8D29A1107C00CCDC5D /* Mockable.swift in Sources */,
				D0D5BD9429A159DB00CCDC5D /* EnergramServiceTests.swift in Sources */,
				D040943D296BD0C5007F5625 /* SettingsManagerTests.swift in Sources */,
				D02FCF2F29B3893B0088BE23 /* CoreDataTests.swift in Sources */,
			);
			runOnlyForDeploymentPostprocessing = 0;
		};
		D0496DEA291F7856008BEDA5 /* Sources */ = {
			isa = PBXSourcesBuildPhase;
			buildActionMask = 2147483647;
			files = (
				D0496DF5291F7856008BEDA5 /* EnergramUITestsLaunchTests.swift in Sources */,
				D0496DF3291F7856008BEDA5 /* EnergramUITests.swift in Sources */,
			);
			runOnlyForDeploymentPostprocessing = 0;
		};
/* End PBXSourcesBuildPhase section */

/* Begin PBXTargetDependency section */
		D0496DE6291F7856008BEDA5 /* PBXTargetDependency */ = {
			isa = PBXTargetDependency;
			target = D0496DD3291F7855008BEDA5 /* Energram */;
			targetProxy = D0496DE5291F7856008BEDA5 /* PBXContainerItemProxy */;
		};
		D0496DF0291F7856008BEDA5 /* PBXTargetDependency */ = {
			isa = PBXTargetDependency;
			target = D0496DD3291F7855008BEDA5 /* Energram */;
			targetProxy = D0496DEF291F7856008BEDA5 /* PBXContainerItemProxy */;
		};
/* End PBXTargetDependency section */

/* Begin XCBuildConfiguration section */
		D0496DF6291F7856008BEDA5 /* Debug */ = {
			isa = XCBuildConfiguration;
			buildSettings = {
				ALWAYS_SEARCH_USER_PATHS = NO;
				CLANG_ANALYZER_NONNULL = YES;
				CLANG_ANALYZER_NUMBER_OBJECT_CONVERSION = YES_AGGRESSIVE;
				CLANG_CXX_LANGUAGE_STANDARD = "gnu++20";
				CLANG_ENABLE_MODULES = YES;
				CLANG_ENABLE_OBJC_ARC = YES;
				CLANG_ENABLE_OBJC_WEAK = YES;
				CLANG_WARN_BLOCK_CAPTURE_AUTORELEASING = YES;
				CLANG_WARN_BOOL_CONVERSION = YES;
				CLANG_WARN_COMMA = YES;
				CLANG_WARN_CONSTANT_CONVERSION = YES;
				CLANG_WARN_DEPRECATED_OBJC_IMPLEMENTATIONS = YES;
				CLANG_WARN_DIRECT_OBJC_ISA_USAGE = YES_ERROR;
				CLANG_WARN_DOCUMENTATION_COMMENTS = YES;
				CLANG_WARN_EMPTY_BODY = YES;
				CLANG_WARN_ENUM_CONVERSION = YES;
				CLANG_WARN_INFINITE_RECURSION = YES;
				CLANG_WARN_INT_CONVERSION = YES;
				CLANG_WARN_NON_LITERAL_NULL_CONVERSION = YES;
				CLANG_WARN_OBJC_IMPLICIT_RETAIN_SELF = YES;
				CLANG_WARN_OBJC_LITERAL_CONVERSION = YES;
				CLANG_WARN_OBJC_ROOT_CLASS = YES_ERROR;
				CLANG_WARN_QUOTED_INCLUDE_IN_FRAMEWORK_HEADER = YES;
				CLANG_WARN_RANGE_LOOP_ANALYSIS = YES;
				CLANG_WARN_STRICT_PROTOTYPES = YES;
				CLANG_WARN_SUSPICIOUS_MOVE = YES;
				CLANG_WARN_UNGUARDED_AVAILABILITY = YES_AGGRESSIVE;
				CLANG_WARN_UNREACHABLE_CODE = YES;
				CLANG_WARN__DUPLICATE_METHOD_MATCH = YES;
				COPY_PHASE_STRIP = NO;
				DEBUG_INFORMATION_FORMAT = dwarf;
				ENABLE_STRICT_OBJC_MSGSEND = YES;
				ENABLE_TESTABILITY = YES;
				GCC_C_LANGUAGE_STANDARD = gnu11;
				GCC_DYNAMIC_NO_PIC = NO;
				GCC_NO_COMMON_BLOCKS = YES;
				GCC_OPTIMIZATION_LEVEL = 0;
				GCC_PREPROCESSOR_DEFINITIONS = (
					"DEBUG=1",
					"$(inherited)",
				);
				GCC_WARN_64_TO_32_BIT_CONVERSION = YES;
				GCC_WARN_ABOUT_RETURN_TYPE = YES_ERROR;
				GCC_WARN_UNDECLARED_SELECTOR = YES;
				GCC_WARN_UNINITIALIZED_AUTOS = YES_AGGRESSIVE;
				GCC_WARN_UNUSED_FUNCTION = YES;
				GCC_WARN_UNUSED_VARIABLE = YES;
				IPHONEOS_DEPLOYMENT_TARGET = 16.1;
				MTL_ENABLE_DEBUG_INFO = INCLUDE_SOURCE;
				MTL_FAST_MATH = YES;
				ONLY_ACTIVE_ARCH = YES;
				SDKROOT = iphoneos;
				SWIFT_ACTIVE_COMPILATION_CONDITIONS = DEBUG;
				SWIFT_OPTIMIZATION_LEVEL = "-Onone";
			};
			name = Debug;
		};
		D0496DF7291F7856008BEDA5 /* Release */ = {
			isa = XCBuildConfiguration;
			buildSettings = {
				ALWAYS_SEARCH_USER_PATHS = NO;
				CLANG_ANALYZER_NONNULL = YES;
				CLANG_ANALYZER_NUMBER_OBJECT_CONVERSION = YES_AGGRESSIVE;
				CLANG_CXX_LANGUAGE_STANDARD = "gnu++20";
				CLANG_ENABLE_MODULES = YES;
				CLANG_ENABLE_OBJC_ARC = YES;
				CLANG_ENABLE_OBJC_WEAK = YES;
				CLANG_WARN_BLOCK_CAPTURE_AUTORELEASING = YES;
				CLANG_WARN_BOOL_CONVERSION = YES;
				CLANG_WARN_COMMA = YES;
				CLANG_WARN_CONSTANT_CONVERSION = YES;
				CLANG_WARN_DEPRECATED_OBJC_IMPLEMENTATIONS = YES;
				CLANG_WARN_DIRECT_OBJC_ISA_USAGE = YES_ERROR;
				CLANG_WARN_DOCUMENTATION_COMMENTS = YES;
				CLANG_WARN_EMPTY_BODY = YES;
				CLANG_WARN_ENUM_CONVERSION = YES;
				CLANG_WARN_INFINITE_RECURSION = YES;
				CLANG_WARN_INT_CONVERSION = YES;
				CLANG_WARN_NON_LITERAL_NULL_CONVERSION = YES;
				CLANG_WARN_OBJC_IMPLICIT_RETAIN_SELF = YES;
				CLANG_WARN_OBJC_LITERAL_CONVERSION = YES;
				CLANG_WARN_OBJC_ROOT_CLASS = YES_ERROR;
				CLANG_WARN_QUOTED_INCLUDE_IN_FRAMEWORK_HEADER = YES;
				CLANG_WARN_RANGE_LOOP_ANALYSIS = YES;
				CLANG_WARN_STRICT_PROTOTYPES = YES;
				CLANG_WARN_SUSPICIOUS_MOVE = YES;
				CLANG_WARN_UNGUARDED_AVAILABILITY = YES_AGGRESSIVE;
				CLANG_WARN_UNREACHABLE_CODE = YES;
				CLANG_WARN__DUPLICATE_METHOD_MATCH = YES;
				COPY_PHASE_STRIP = NO;
				DEBUG_INFORMATION_FORMAT = "dwarf-with-dsym";
				ENABLE_NS_ASSERTIONS = NO;
				ENABLE_STRICT_OBJC_MSGSEND = YES;
				GCC_C_LANGUAGE_STANDARD = gnu11;
				GCC_NO_COMMON_BLOCKS = YES;
				GCC_WARN_64_TO_32_BIT_CONVERSION = YES;
				GCC_WARN_ABOUT_RETURN_TYPE = YES_ERROR;
				GCC_WARN_UNDECLARED_SELECTOR = YES;
				GCC_WARN_UNINITIALIZED_AUTOS = YES_AGGRESSIVE;
				GCC_WARN_UNUSED_FUNCTION = YES;
				GCC_WARN_UNUSED_VARIABLE = YES;
				IPHONEOS_DEPLOYMENT_TARGET = 16.1;
				MTL_ENABLE_DEBUG_INFO = NO;
				MTL_FAST_MATH = YES;
				SDKROOT = iphoneos;
				SWIFT_COMPILATION_MODE = wholemodule;
				SWIFT_OPTIMIZATION_LEVEL = "-O";
				VALIDATE_PRODUCT = YES;
			};
			name = Release;
		};
		D0496DF9291F7856008BEDA5 /* Debug */ = {
			isa = XCBuildConfiguration;
			buildSettings = {
				ASSETCATALOG_COMPILER_APPICON_NAME = AppIcon;
				ASSETCATALOG_COMPILER_GLOBAL_ACCENT_COLOR_NAME = AccentColor;
				CODE_SIGN_ENTITLEMENTS = Energram/Energram.entitlements;
				CODE_SIGN_STYLE = Automatic;
				CURRENT_PROJECT_VERSION = 1;
				DEVELOPMENT_ASSET_PATHS = "\"Energram/Preview Content\"";
				DEVELOPMENT_TEAM = P9Y7KD78JQ;
				ENABLE_PREVIEWS = YES;
				GENERATE_INFOPLIST_FILE = YES;
				INFOPLIST_FILE = Energram/Info.plist;
				INFOPLIST_KEY_UIApplicationSupportsIndirectInputEvents = YES;
				INFOPLIST_KEY_UILaunchScreen_Generation = YES;
				INFOPLIST_KEY_UISupportedInterfaceOrientations = UIInterfaceOrientationPortrait;
				INFOPLIST_KEY_UISupportedInterfaceOrientations_iPad = "UIInterfaceOrientationLandscapeLeft UIInterfaceOrientationLandscapeRight UIInterfaceOrientationPortrait UIInterfaceOrientationPortraitUpsideDown";
				INFOPLIST_KEY_UIUserInterfaceStyle = Dark;
				IPHONEOS_DEPLOYMENT_TARGET = 16.1;
				LD_RUNPATH_SEARCH_PATHS = (
					"$(inherited)",
					"@executable_path/Frameworks",
				);
				MARKETING_VERSION = 1.0;
				PRODUCT_BUNDLE_IDENTIFIER = com.energram.app;
				PRODUCT_NAME = "$(TARGET_NAME)";
				SWIFT_EMIT_LOC_STRINGS = YES;
				SWIFT_VERSION = 5.0;
				TARGETED_DEVICE_FAMILY = "1,2";
			};
			name = Debug;
		};
		D0496DFA291F7856008BEDA5 /* Release */ = {
			isa = XCBuildConfiguration;
			buildSettings = {
				ASSETCATALOG_COMPILER_APPICON_NAME = AppIcon;
				ASSETCATALOG_COMPILER_GLOBAL_ACCENT_COLOR_NAME = AccentColor;
				CODE_SIGN_ENTITLEMENTS = Energram/Energram.entitlements;
				CODE_SIGN_STYLE = Automatic;
				CURRENT_PROJECT_VERSION = 1;
				DEVELOPMENT_ASSET_PATHS = "\"Energram/Preview Content\"";
				DEVELOPMENT_TEAM = P9Y7KD78JQ;
				ENABLE_PREVIEWS = YES;
				GENERATE_INFOPLIST_FILE = YES;
				INFOPLIST_FILE = Energram/Info.plist;
				INFOPLIST_KEY_UIApplicationSupportsIndirectInputEvents = YES;
				INFOPLIST_KEY_UILaunchScreen_Generation = YES;
				INFOPLIST_KEY_UISupportedInterfaceOrientations = UIInterfaceOrientationPortrait;
				INFOPLIST_KEY_UISupportedInterfaceOrientations_iPad = "UIInterfaceOrientationLandscapeLeft UIInterfaceOrientationLandscapeRight UIInterfaceOrientationPortrait UIInterfaceOrientationPortraitUpsideDown";
				INFOPLIST_KEY_UIUserInterfaceStyle = Dark;
				IPHONEOS_DEPLOYMENT_TARGET = 16.1;
				LD_RUNPATH_SEARCH_PATHS = (
					"$(inherited)",
					"@executable_path/Frameworks",
				);
				MARKETING_VERSION = 1.0;
				PRODUCT_BUNDLE_IDENTIFIER = com.energram.app;
				PRODUCT_NAME = "$(TARGET_NAME)";
				SWIFT_EMIT_LOC_STRINGS = YES;
				SWIFT_VERSION = 5.0;
				TARGETED_DEVICE_FAMILY = "1,2";
			};
			name = Release;
		};
		D0496DFC291F7856008BEDA5 /* Debug */ = {
			isa = XCBuildConfiguration;
			buildSettings = {
				ALWAYS_EMBED_SWIFT_STANDARD_LIBRARIES = YES;
				BUNDLE_LOADER = "$(TEST_HOST)";
				CODE_SIGN_STYLE = Automatic;
				CURRENT_PROJECT_VERSION = 1;
				DEVELOPMENT_TEAM = 7R7Q2CDK95;
				GENERATE_INFOPLIST_FILE = YES;
				IPHONEOS_DEPLOYMENT_TARGET = 16.1;
				MARKETING_VERSION = 1.0;
				PRODUCT_BUNDLE_IDENTIFIER = com.ress.EnergramTests;
				PRODUCT_NAME = "$(TARGET_NAME)";
				SWIFT_EMIT_LOC_STRINGS = NO;
				SWIFT_VERSION = 5.0;
				TARGETED_DEVICE_FAMILY = "1,2";
				TEST_HOST = "$(BUILT_PRODUCTS_DIR)/Energram.app/$(BUNDLE_EXECUTABLE_FOLDER_PATH)/Energram";
			};
			name = Debug;
		};
		D0496DFD291F7856008BEDA5 /* Release */ = {
			isa = XCBuildConfiguration;
			buildSettings = {
				ALWAYS_EMBED_SWIFT_STANDARD_LIBRARIES = YES;
				BUNDLE_LOADER = "$(TEST_HOST)";
				CODE_SIGN_STYLE = Automatic;
				CURRENT_PROJECT_VERSION = 1;
				DEVELOPMENT_TEAM = 7R7Q2CDK95;
				GENERATE_INFOPLIST_FILE = YES;
				IPHONEOS_DEPLOYMENT_TARGET = 16.1;
				MARKETING_VERSION = 1.0;
				PRODUCT_BUNDLE_IDENTIFIER = com.ress.EnergramTests;
				PRODUCT_NAME = "$(TARGET_NAME)";
				SWIFT_EMIT_LOC_STRINGS = NO;
				SWIFT_VERSION = 5.0;
				TARGETED_DEVICE_FAMILY = "1,2";
				TEST_HOST = "$(BUILT_PRODUCTS_DIR)/Energram.app/$(BUNDLE_EXECUTABLE_FOLDER_PATH)/Energram";
			};
			name = Release;
		};
		D0496DFF291F7856008BEDA5 /* Debug */ = {
			isa = XCBuildConfiguration;
			buildSettings = {
				ALWAYS_EMBED_SWIFT_STANDARD_LIBRARIES = YES;
				CODE_SIGN_STYLE = Automatic;
				CURRENT_PROJECT_VERSION = 1;
				DEVELOPMENT_TEAM = 7R7Q2CDK95;
				GENERATE_INFOPLIST_FILE = YES;
				MARKETING_VERSION = 1.0;
				PRODUCT_BUNDLE_IDENTIFIER = com.ress.EnergramUITests;
				PRODUCT_NAME = "$(TARGET_NAME)";
				SWIFT_EMIT_LOC_STRINGS = NO;
				SWIFT_VERSION = 5.0;
				TARGETED_DEVICE_FAMILY = "1,2";
				TEST_TARGET_NAME = Energram;
			};
			name = Debug;
		};
		D0496E00291F7856008BEDA5 /* Release */ = {
			isa = XCBuildConfiguration;
			buildSettings = {
				ALWAYS_EMBED_SWIFT_STANDARD_LIBRARIES = YES;
				CODE_SIGN_STYLE = Automatic;
				CURRENT_PROJECT_VERSION = 1;
				DEVELOPMENT_TEAM = 7R7Q2CDK95;
				GENERATE_INFOPLIST_FILE = YES;
				MARKETING_VERSION = 1.0;
				PRODUCT_BUNDLE_IDENTIFIER = com.ress.EnergramUITests;
				PRODUCT_NAME = "$(TARGET_NAME)";
				SWIFT_EMIT_LOC_STRINGS = NO;
				SWIFT_VERSION = 5.0;
				TARGETED_DEVICE_FAMILY = "1,2";
				TEST_TARGET_NAME = Energram;
			};
			name = Release;
		};
/* End XCBuildConfiguration section */

/* Begin XCConfigurationList section */
		D0496DCF291F7855008BEDA5 /* Build configuration list for PBXProject "Energram" */ = {
			isa = XCConfigurationList;
			buildConfigurations = (
				D0496DF6291F7856008BEDA5 /* Debug */,
				D0496DF7291F7856008BEDA5 /* Release */,
			);
			defaultConfigurationIsVisible = 0;
			defaultConfigurationName = Release;
		};
		D0496DF8291F7856008BEDA5 /* Build configuration list for PBXNativeTarget "Energram" */ = {
			isa = XCConfigurationList;
			buildConfigurations = (
				D0496DF9291F7856008BEDA5 /* Debug */,
				D0496DFA291F7856008BEDA5 /* Release */,
			);
			defaultConfigurationIsVisible = 0;
			defaultConfigurationName = Release;
		};
		D0496DFB291F7856008BEDA5 /* Build configuration list for PBXNativeTarget "EnergramTests" */ = {
			isa = XCConfigurationList;
			buildConfigurations = (
				D0496DFC291F7856008BEDA5 /* Debug */,
				D0496DFD291F7856008BEDA5 /* Release */,
			);
			defaultConfigurationIsVisible = 0;
			defaultConfigurationName = Release;
		};
		D0496DFE291F7856008BEDA5 /* Build configuration list for PBXNativeTarget "EnergramUITests" */ = {
			isa = XCConfigurationList;
			buildConfigurations = (
				D0496DFF291F7856008BEDA5 /* Debug */,
				D0496E00291F7856008BEDA5 /* Release */,
			);
			defaultConfigurationIsVisible = 0;
			defaultConfigurationName = Release;
		};
/* End XCConfigurationList section */

/* Begin XCRemoteSwiftPackageReference section */
		D02FCF2729B37C8F0088BE23 /* XCRemoteSwiftPackageReference "swift-collections" */ = {
			isa = XCRemoteSwiftPackageReference;
			repositoryURL = "https://github.com/apple/swift-collections.git";
			requirement = {
				kind = upToNextMajorVersion;
				minimumVersion = 1.0.0;
			};
		};
/* End XCRemoteSwiftPackageReference section */

/* Begin XCSwiftPackageProductDependency section */
		D02FCF2829B37C8F0088BE23 /* Collections */ = {
			isa = XCSwiftPackageProductDependency;
			package = D02FCF2729B37C8F0088BE23 /* XCRemoteSwiftPackageReference "swift-collections" */;
			productName = Collections;
		};
/* End XCSwiftPackageProductDependency section */

/* Begin XCVersionGroup section */
		D0590EF229B3920500C61176 /* CoreDataModel.xcdatamodeld */ = {
			isa = XCVersionGroup;
			children = (
				D0590EF329B3920500C61176 /* CoreDataModel.xcdatamodel */,
			);
			currentVersion = D0590EF329B3920500C61176 /* CoreDataModel.xcdatamodel */;
			path = CoreDataModel.xcdatamodeld;
			sourceTree = "<group>";
			versionGroupType = wrapper.xcdatamodel;
		};
/* End XCVersionGroup section */
	};
	rootObject = D0496DCC291F7855008BEDA5 /* Project object */;
}
